<?xml version="1.0" encoding="utf-8"?>
<Project ToolsVersion="4.0" xmlns="http://schemas.microsoft.com/developer/msbuild/2003">
  <ItemGroup>
    <Filter Include="소스 파일">
      <UniqueIdentifier>{4FC737F1-C7A5-4376-A066-2A32D752A2FF}</UniqueIdentifier>
      <Extensions>cpp;c;cc;cxx;c++;cppm;ixx;def;odl;idl;hpj;bat;asm;asmx</Extensions>
    </Filter>
    <Filter Include="헤더 파일">
      <UniqueIdentifier>{93995380-89BD-4b04-88EB-625FBE52EBFB}</UniqueIdentifier>
      <Extensions>h;hh;hpp;hxx;h++;hm;inl;inc;ipp;xsd</Extensions>
    </Filter>
    <Filter Include="리소스 파일">
      <UniqueIdentifier>{67DA6AB6-F800-4c08-8B7A-83BB121AAD01}</UniqueIdentifier>
      <Extensions>rc;ico;cur;bmp;dlg;rc2;rct;bin;rgs;gif;jpg;jpeg;jpe;resx;tiff;tif;png;wav;mfcribbon-ms</Extensions>
    </Filter>
    <Filter Include="List">
      <UniqueIdentifier>{1cbacdc6-fd0d-45a9-aafe-7cbe9ccc36f3}</UniqueIdentifier>
    </Filter>
    <Filter Include="Queue">
      <UniqueIdentifier>{6eb2cd6d-e97d-4f31-bb6c-ce9fcd8a1c6e}</UniqueIdentifier>
    </Filter>
    <Filter Include="Stack">
      <UniqueIdentifier>{66f5a5ef-9826-4bb4-b2f6-e1ea8a2c28e4}</UniqueIdentifier>
    </Filter>
  </ItemGroup>
  <ItemGroup>
    <ClInclude Include="pch.h">
      <Filter>헤더 파일</Filter>
    </ClInclude>
    <ClInclude Include="List.hpp">
      <Filter>List</Filter>
    </ClInclude>
    <ClInclude Include="MarkablePtr.h">
      <Filter>List</Filter>
    </ClInclude>
    <ClInclude Include="LNode.h">
      <Filter>List</Filter>
    </ClInclude>
    <ClInclude Include="QNode.hpp">
      <Filter>Queue</Filter>
    </ClInclude>
    <ClInclude Include="Queue.hpp">
      <Filter>Queue</Filter>
    </ClInclude>
    <ClInclude Include="StampPtr.hpp">
      <Filter>Queue</Filter>
    </ClInclude>
    <ClInclude Include="SNode.hpp">
      <Filter>Stack</Filter>
    </ClInclude>
    <ClInclude Include="Stack.hpp">
      <Filter>Stack</Filter>
    </ClInclude>
  </ItemGroup>
  <ItemGroup>
    <ClCompile Include="pch.cpp">
      <Filter>소스 파일</Filter>
    </ClCompile>
    <ClCompile Include="main.cpp">
      <Filter>소스 파일</Filter>
    </ClCompile>
    <ClCompile Include="SET.cpp">
      <Filter>List</Filter>
    </ClCompile>
    <ClCompile Include="univ_set.cpp">
      <Filter>List</Filter>
    </ClCompile>
    <ClCompile Include="ebr_SET.cpp">
      <Filter>List</Filter>
    </ClCompile>
  </ItemGroup>
</Project>